
Microsoft Visual Studio Solution File, Format Version 12.00
# Visual Studio 15
VisualStudioVersion = 15.0.28307.705
MinimumVisualStudioVersion = 10.0.40219.1
Project("{FAE04EC0-301F-11D3-BF4B-00C04F79EFBC}") = "BandwidthBXML", "src\BandwidthBXML\BandwidthBXML.csproj", "{CE01CAFD-B658-4A92-98D2-A0B3B916755A}"
EndProject
Global
	GlobalSection(SolutionConfigurationPlatforms) = preSolution
		Debug|Any CPU = Debug|Any CPU
		Release|Any CPU = Release|Any CPU
	EndGlobalSection
	GlobalSection(ProjectConfigurationPlatforms) = postSolution
		{CE01CAFD-B658-4A92-98D2-A0B3B916755A}.Debug|Any CPU.ActiveCfg = Debug|Any CPU
		{CE01CAFD-B658-4A92-98D2-A0B3B916755A}.Debug|Any CPU.Build.0 = Debug|Any CPU
		{CE01CAFD-B658-4A92-98D2-A0B3B916755A}.Release|Any CPU.ActiveCfg = Release|Any CPU
		{CE01CAFD-B658-4A92-98D2-A0B3B916755A}.Release|Any CPU.Build.0 = Release|Any CPU
	EndGlobalSection
	GlobalSection(SolutionProperties) = preSolution
		HideSolutionNode = FALSE
	EndGlobalSection
	GlobalSection(ExtensibilityGlobals) = postSolution
		SolutionGuid = {3E90CA9C-371F-4F38-A6C9-8ACC1460C480}
	EndGlobalSection
EndGlobal
